
Microsoft Visual Studio Solution File, Format Version 12.00
# Visual Studio Version 16
VisualStudioVersion = 16.0.29926.136
MinimumVisualStudioVersion = 10.0.40219.1
Project("{FAE04EC0-301F-11D3-BF4B-00C04F79EFBC}") = "WatchPortalFunction", "WatchPortalFunction\WatchPortalFunction.csproj", "{8B2934C3-A66E-4D52-8ABE-AFD8503CAD9B}"
EndProject
Project("{FAE04EC0-301F-11D3-BF4B-00C04F79EFBC}") = "WatchFunctionsTests", "WatchFunctionsTests\WatchFunctionsTests.csproj", "{CBB1D51F-3C54-4E41-8CEB-8025103080AA}"
EndProject
Global
	GlobalSection(SolutionConfigurationPlatforms) = preSolution
		Debug|Any CPU = Debug|Any CPU
		Release|Any CPU = Release|Any CPU
	EndGlobalSection
	GlobalSection(ProjectConfigurationPlatforms) = postSolution
		{8B2934C3-A66E-4D52-8ABE-AFD8503CAD9B}.Debug|Any CPU.ActiveCfg = Debug|Any CPU
		{8B2934C3-A66E-4D52-8ABE-AFD8503CAD9B}.Debug|Any CPU.Build.0 = Debug|Any CPU
		{8B2934C3-A66E-4D52-8ABE-AFD8503CAD9B}.Release|Any CPU.ActiveCfg = Release|Any CPU
		{8B2934C3-A66E-4D52-8ABE-AFD8503CAD9B}.Release|Any CPU.Build.0 = Release|Any CPU
		{CBB1D51F-3C54-4E41-8CEB-8025103080AA}.Debug|Any CPU.ActiveCfg = Debug|Any CPU
		{CBB1D51F-3C54-4E41-8CEB-8025103080AA}.Debug|Any CPU.Build.0 = Debug|Any CPU
		{CBB1D51F-3C54-4E41-8CEB-8025103080AA}.Release|Any CPU.ActiveCfg = Release|Any CPU
		{CBB1D51F-3C54-4E41-8CEB-8025103080AA}.Release|Any CPU.Build.0 = Release|Any CPU
	EndGlobalSection
	GlobalSection(SolutionProperties) = preSolution
		HideSolutionNode = FALSE
	EndGlobalSection
	GlobalSection(ExtensibilityGlobals) = postSolution
		SolutionGuid = {3D1B7E38-71B6-4955-AA2E-73595F2A30B0}
	EndGlobalSection
EndGlobal
